
Microsoft Visual Studio Solution File, Format Version 12.00
# Visual Studio Version 17
VisualStudioVersion = 17.3.32929.385
MinimumVisualStudioVersion = 10.0.40219.1
Project("{FAE04EC0-301F-11D3-BF4B-00C04F79EFBC}") = "Beca.PlaylistInfo.API", "Beca.PlaylistInfo.API\Beca.PlaylistInfo.API.csproj", "{0D45CFCE-94FA-4852-8517-D8F4B587AB3A}"
EndProject
Global
	GlobalSection(SolutionConfigurationPlatforms) = preSolution
		Debug|Any CPU = Debug|Any CPU
		Release|Any CPU = Release|Any CPU
	EndGlobalSection
	GlobalSection(ProjectConfigurationPlatforms) = postSolution
		{0D45CFCE-94FA-4852-8517-D8F4B587AB3A}.Debug|Any CPU.ActiveCfg = Debug|Any CPU
		{0D45CFCE-94FA-4852-8517-D8F4B587AB3A}.Debug|Any CPU.Build.0 = Debug|Any CPU
		{0D45CFCE-94FA-4852-8517-D8F4B587AB3A}.Release|Any CPU.ActiveCfg = Release|Any CPU
		{0D45CFCE-94FA-4852-8517-D8F4B587AB3A}.Release|Any CPU.Build.0 = Release|Any CPU
	EndGlobalSection
	GlobalSection(SolutionProperties) = preSolution
		HideSolutionNode = FALSE
	EndGlobalSection
	GlobalSection(ExtensibilityGlobals) = postSolution
		SolutionGuid = {9D351005-149F-46DB-A62D-54B153AE385C}
	EndGlobalSection
EndGlobal
